PODS:
  - ChromaColorPicker (1.7)

DEPENDENCIES:
  - ChromaColorPicker

SPEC REPOS:
  https://github.com/cocoapods/specs.git:
    - ChromaColorPicker

SPEC CHECKSUMS:
  ChromaColorPicker: 33efa67b17cca51dd253689d18b83ac7e05642c2

PODFILE CHECKSUM: 27d0f483cec47fc02276cec6f44ff1838e6dcd9d

COCOAPODS: 1.5.2
