// !$*UTF8*$!
{
	archiveVersion = 1;
	classes = {
	};
	objectVersion = 50;
	objects = {

/* Begin PBXBuildFile section */
		60C50839215C56CDECA4200D /* Pods_Sketchpad.framework in Frameworks */ = {isa = PBXBuildFile; fileRef = DC5DB2E6F39C43C459F871C1 /* Pods_Sketchpad.framework */; };
		B02324D620C35C0300DA454E /* AppDelegate.swift in Sources */ = {isa = PBXBuildFile; fileRef = B02324D520C35C0300DA454E /* AppDelegate.swift */; };
		B02324DB20C35C0300DA454E /* Main.storyboard in Resources */ = {isa = PBXBuildFile; fileRef = B02324D920C35C0300DA454E /* Main.storyboard */; };
		B02324DE20C35C0300DA454E /* Sketchpad.xcdatamodeld in Sources */ = {isa = PBXBuildFile; fileRef = B02324DC20C35C0300DA454E /* Sketchpad.xcdatamodeld */; };
		B02324E020C35C0300DA454E /* Assets.xcassets in Resources */ = {isa = PBXBuildFile; fileRef = B02324DF20C35C0300DA454E /* Assets.xcassets */; };
		B02324E320C35C0300DA454E /* LaunchScreen.storyboard in Resources */ = {isa = PBXBuildFile; fileRef = B02324E120C35C0300DA454E /* LaunchScreen.storyboard */; };
		B06DDDEA20C75E3F00E8CD12 /* DetailViewController.swift in Sources */ = {isa = PBXBuildFile; fileRef = B06DDDE920C75E3F00E8CD12 /* DetailViewController.swift */; };
		B0AB6E8320C6DA7700926D5F /* AllPicturesCollectionViewController.swift in Sources */ = {isa = PBXBuildFile; fileRef = B0AB6E8220C6DA7700926D5F /* AllPicturesCollectionViewController.swift */; };
		B0AB6E8520C6DAE600926D5F /* PictureCollectionViewCell.swift in Sources */ = {isa = PBXBuildFile; fileRef = B0AB6E8420C6DAE600926D5F /* PictureCollectionViewCell.swift */; };
		B0B0711520C4F2ED005E41DC /* DrawingViewController.swift in Sources */ = {isa = PBXBuildFile; fileRef = B0B0711420C4F2ED005E41DC /* DrawingViewController.swift */; };
/* End PBXBuildFile section */

/* Begin PBXFileReference section */
		1402C09743FB6A755A6FFE43 /* Pods-Sketchpad.debug.xcconfig */ = {isa = PBXFileReference; includeInIndex = 1; lastKnownFileType = text.xcconfig; name = "Pods-Sketchpad.debug.xcconfig"; path = "Pods/Target Support Files/Pods-Sketchpad/Pods-Sketchpad.debug.xcconfig"; sourceTree = "<group>"; };
		B02324D220C35C0300DA454E /* Sketchpad.app */ = {isa = PBXFileReference; explicitFileType = wrapper.application; includeInIndex = 0; path = Sketchpad.app; sourceTree = BUILT_PRODUCTS_DIR; };
		B02324D520C35C0300DA454E /* AppDelegate.swift */ = {isa = PBXFileReference; lastKnownFileType = sourcecode.swift; path = AppDelegate.swift; sourceTree = "<group>"; };
		B02324DA20C35C0300DA454E /* Base */ = {isa = PBXFileReference; lastKnownFileType = file.storyboard; name = Base; path = Base.lproj/Main.storyboard; sourceTree = "<group>"; };
		B02324DD20C35C0300DA454E /* Sketchpad.xcdatamodel */ = {isa = PBXFileReference; lastKnownFileType = wrapper.xcdatamodel; path = Sketchpad.xcdatamodel; sourceTree = "<group>"; };
		B02324DF20C35C0300DA454E /* Assets.xcassets */ = {isa = PBXFileReference; lastKnownFileType = folder.assetcatalog; path = Assets.xcassets; sourceTree = "<group>"; };
		B02324E220C35C0300DA454E /* Base */ = {isa = PBXFileReference; lastKnownFileType = file.storyboard; name = Base; path = Base.lproj/LaunchScreen.storyboard; sourceTree = "<group>"; };
		B02324E420C35C0300DA454E /* Info.plist */ = {isa = PBXFileReference; lastKnownFileType = text.plist.xml; path = Info.plist; sourceTree = "<group>"; };
		B06DDDE920C75E3F00E8CD12 /* DetailViewController.swift */ = {isa = PBXFileReference; lastKnownFileType = sourcecode.swift; path = DetailViewController.swift; sourceTree = "<group>"; };
		B0AB6E8220C6DA7700926D5F /* AllPicturesCollectionViewController.swift */ = {isa = PBXFileReference; lastKnownFileType = sourcecode.swift; path = AllPicturesCollectionViewController.swift; sourceTree = "<group>"; };
		B0AB6E8420C6DAE600926D5F /* PictureCollectionViewCell.swift */ = {isa = PBXFileReference; lastKnownFileType = sourcecode.swift; path = PictureCollectionViewCell.swift; sourceTree = "<group>"; };
		B0B0711420C4F2ED005E41DC /* DrawingViewController.swift */ = {isa = PBXFileReference; lastKnownFileType = sourcecode.swift; path = DrawingViewController.swift; sourceTree = "<group>"; };
		D92D22687E19229E234A8FEC /* Pods-Sketchpad.release.xcconfig */ = {isa = PBXFileReference; includeInIndex = 1; lastKnownFileType = text.xcconfig; name = "Pods-Sketchpad.release.xcconfig"; path = "Pods/Target Support Files/Pods-Sketchpad/Pods-Sketchpad.release.xcconfig"; sourceTree = "<group>"; };
		DC5DB2E6F39C43C459F871C1 /* Pods_Sketchpad.framework */ = {isa = PBXFileReference; explicitFileType = wrapper.framework; includeInIndex = 0; path = Pods_Sketchpad.framework; sourceTree = BUILT_PRODUCTS_DIR; };
/* End PBXFileReference section */

/* Begin PBXFrameworksBuildPhase section */
		B02324CF20C35C0300DA454E /* Frameworks */ = {
			isa = PBXFrameworksBuildPhase;
			buildActionMask = 2147483647;
			files = (
				60C50839215C56CDECA4200D /* Pods_Sketchpad.framework in Frameworks */,
			);
			runOnlyForDeploymentPostprocessing = 0;
		};
/* End PBXFrameworksBuildPhase section */

/* Begin PBXGroup section */
		7E37A318EE43D0A4823D86BC /* Frameworks */ = {
			isa = PBXGroup;
			children = (
				DC5DB2E6F39C43C459F871C1 /* Pods_Sketchpad.framework */,
			);
			name = Frameworks;
			sourceTree = "<group>";
		};
		80031F65E31DB3594F9BEE03 /* Pods */ = {
			isa = PBXGroup;
			children = (
				1402C09743FB6A755A6FFE43 /* Pods-Sketchpad.debug.xcconfig */,
				D92D22687E19229E234A8FEC /* Pods-Sketchpad.release.xcconfig */,
			);
			name = Pods;
			sourceTree = "<group>";
		};
		B02324C920C35C0300DA454E = {
			isa = PBXGroup;
			children = (
				B02324D420C35C0300DA454E /* Sketchpad */,
				B02324D320C35C0300DA454E /* Products */,
				80031F65E31DB3594F9BEE03 /* Pods */,
				7E37A318EE43D0A4823D86BC /* Frameworks */,
			);
			sourceTree = "<group>";
		};
		B02324D320C35C0300DA454E /* Products */ = {
			isa = PBXGroup;
			children = (
				B02324D220C35C0300DA454E /* Sketchpad.app */,
			);
			name = Products;
			sourceTree = "<group>";
		};
		B02324D420C35C0300DA454E /* Sketchpad */ = {
			isa = PBXGroup;
			children = (
				B02324D520C35C0300DA454E /* AppDelegate.swift */,
				B0B0711420C4F2ED005E41DC /* DrawingViewController.swift */,
				B0AB6E8220C6DA7700926D5F /* AllPicturesCollectionViewController.swift */,
				B0AB6E8420C6DAE600926D5F /* PictureCollectionViewCell.swift */,
				B06DDDE920C75E3F00E8CD12 /* DetailViewController.swift */,
				B02324D920C35C0300DA454E /* Main.storyboard */,
				B02324DF20C35C0300DA454E /* Assets.xcassets */,
				B02324E120C35C0300DA454E /* LaunchScreen.storyboard */,
				B02324E420C35C0300DA454E /* Info.plist */,
				B02324DC20C35C0300DA454E /* Sketchpad.xcdatamodeld */,
			);
			path = Sketchpad;
			sourceTree = "<group>";
		};
/* End PBXGroup section */

/* Begin PBXNativeTarget section */
		B02324D120C35C0300DA454E /* Sketchpad */ = {
			isa = PBXNativeTarget;
			buildConfigurationList = B02324E720C35C0300DA454E /* Build configuration list for PBXNativeTarget "Sketchpad" */;
			buildPhases = (
				BDC6D857D8085B81E8686F3A /* [CP] Check Pods Manifest.lock */,
				B02324CE20C35C0300DA454E /* Sources */,
				B02324CF20C35C0300DA454E /* Frameworks */,
				B02324D020C35C0300DA454E /* Resources */,
				65457AB305EC86AD998ECF55 /* [CP] Embed Pods Frameworks */,
			);
			buildRules = (
			);
			dependencies = (
			);
			name = Sketchpad;
			productName = Sketchpad;
			productReference = B02324D220C35C0300DA454E /* Sketchpad.app */;
			productType = "com.apple.product-type.application";
		};
/* End PBXNativeTarget section */

/* Begin PBXProject section */
		B02324CA20C35C0300DA454E /* Project object */ = {
			isa = PBXProject;
			attributes = {
				LastSwiftUpdateCheck = 0940;
				LastUpgradeCheck = 0940;
				ORGANIZATIONNAME = "Rommel Rico";
				TargetAttributes = {
					B02324D120C35C0300DA454E = {
						CreatedOnToolsVersion = 9.4;
					};
				};
			};
			buildConfigurationList = B02324CD20C35C0300DA454E /* Build configuration list for PBXProject "Sketchpad" */;
			compatibilityVersion = "Xcode 9.3";
			developmentRegion = en;
			hasScannedForEncodings = 0;
			knownRegions = (
				en,
				Base,
			);
			mainGroup = B02324C920C35C0300DA454E;
			productRefGroup = B02324D320C35C0300DA454E /* Products */;
			projectDirPath = "";
			projectRoot = "";
			targets = (
				B02324D120C35C0300DA454E /* Sketchpad */,
			);
		};
/* End PBXProject section */

/* Begin PBXResourcesBuildPhase section */
		B02324D020C35C0300DA454E /* Resources */ = {
			isa = PBXResourcesBuildPhase;
			buildActionMask = 2147483647;
			files = (
				B02324E320C35C0300DA454E /* LaunchScreen.storyboard in Resources */,
				B02324E020C35C0300DA454E /* Assets.xcassets in Resources */,
				B02324DB20C35C0300DA454E /* Main.storyboard in Resources */,
			);
			runOnlyForDeploymentPostprocessing = 0;
		};
/* End PBXResourcesBuildPhase section */

/* Begin PBXShellScriptBuildPhase section */
		65457AB305EC86AD998ECF55 /* [CP] Embed Pods Frameworks */ = {
			isa = PBXShellScriptBuildPhase;
			buildActionMask = 2147483647;
			files = (
			);
			inputPaths = (
				"${SRCROOT}/Pods/Target Support Files/Pods-Sketchpad/Pods-Sketchpad-frameworks.sh",
				"${BUILT_PRODUCTS_DIR}/ChromaColorPicker/ChromaColorPicker.framework",
			);
			name = "[CP] Embed Pods Frameworks";
			outputPaths = (
				"${TARGET_BUILD_DIR}/${FRAMEWORKS_FOLDER_PATH}/ChromaColorPicker.framework",
			);
			runOnlyForDeploymentPostprocessing = 0;
			shellPath = /bin/sh;
			shellScript = "\"${SRCROOT}/Pods/Target Support Files/Pods-Sketchpad/Pods-Sketchpad-frameworks.sh\"\n";
			showEnvVarsInLog = 0;
		};
		BDC6D857D8085B81E8686F3A /* [CP] Check Pods Manifest.lock */ = {
			isa = PBXShellScriptBuildPhase;
			buildActionMask = 2147483647;
			files = (
			);
			inputPaths = (
				"${PODS_PODFILE_DIR_PATH}/Podfile.lock",
				"${PODS_ROOT}/Manifest.lock",
			);
			name = "[CP] Check Pods Manifest.lock";
			outputPaths = (
				"$(DERIVED_FILE_DIR)/Pods-Sketchpad-checkManifestLockResult.txt",
			);
			runOnlyForDeploymentPostprocessing = 0;
			shellPath = /bin/sh;
			shellScript = "diff \"${PODS_PODFILE_DIR_PATH}/Podfile.lock\" \"${PODS_ROOT}/Manifest.lock\" > /dev/null\nif [ $? != 0 ] ; then\n    # print error to STDERR\n    echo \"error: The sandbox is not in sync with the Podfile.lock. Run 'pod install' or update your CocoaPods installation.\" >&2\n    exit 1\nfi\n# This output is used by Xcode 'outputs' to avoid re-running this script phase.\necho \"SUCCESS\" > \"${SCRIPT_OUTPUT_FILE_0}\"\n";
			showEnvVarsInLog = 0;
		};
/* End PBXShellScriptBuildPhase section */

/* Begin PBXSourcesBuildPhase section */
		B02324CE20C35C0300DA454E /* Sources */ = {
			isa = PBXSourcesBuildPhase;
			buildActionMask = 2147483647;
			files = (
				B02324DE20C35C0300DA454E /* Sketchpad.xcdatamodeld in Sources */,
				B0B0711520C4F2ED005E41DC /* DrawingViewController.swift in Sources */,
				B0AB6E8520C6DAE600926D5F /* PictureCollectionViewCell.swift in Sources */,
				B06DDDEA20C75E3F00E8CD12 /* DetailViewController.swift in Sources */,
				B02324D620C35C0300DA454E /* AppDelegate.swift in Sources */,
				B0AB6E8320C6DA7700926D5F /* AllPicturesCollectionViewController.swift in Sources */,
			);
			runOnlyForDeploymentPostprocessing = 0;
		};
/* End PBXSourcesBuildPhase section */

/* Begin PBXVariantGroup section */
		B02324D920C35C0300DA454E /* Main.storyboard */ = {
			isa = PBXVariantGroup;
			children = (
				B02324DA20C35C0300DA454E /* Base */,
			);
			name = Main.storyboard;
			sourceTree = "<group>";
		};
		B02324E120C35C0300DA454E /* LaunchScreen.storyboard */ = {
			isa = PBXVariantGroup;
			children = (
				B02324E220C35C0300DA454E /* Base */,
			);
			name = LaunchScreen.storyboard;
			sourceTree = "<group>";
		};
/* End PBXVariantGroup section */

/* Begin XCBuildConfiguration section */
		B02324E520C35C0300DA454E /* Debug */ = {
			isa = XCBuildConfiguration;
			buildSettings = {
				ALWAYS_SEARCH_USER_PATHS = NO;
				CLANG_ANALYZER_NONNULL = YES;
				CLANG_ANALYZER_NUMBER_OBJECT_CONVERSION = YES_AGGRESSIVE;
				CLANG_CXX_LANGUAGE_STANDARD = "gnu++14";
				CLANG_CXX_LIBRARY = "libc++";
				CLANG_ENABLE_MODULES = YES;
				CLANG_ENABLE_OBJC_ARC = YES;
				CLANG_ENABLE_OBJC_WEAK = YES;
				CLANG_WARN_BLOCK_CAPTURE_AUTORELEASING = YES;
				CLANG_WARN_BOOL_CONVERSION = YES;
				CLANG_WARN_COMMA = YES;
				CLANG_WARN_CONSTANT_CONVERSION = YES;
				CLANG_WARN_DEPRECATED_OBJC_IMPLEMENTATIONS = YES;
				CLANG_WARN_DIRECT_OBJC_ISA_USAGE = YES_ERROR;
				CLANG_WARN_DOCUMENTATION_COMMENTS = YES;
				CLANG_WARN_EMPTY_BODY = YES;
				CLANG_WARN_ENUM_CONVERSION = YES;
				CLANG_WARN_INFINITE_RECURSION = YES;
				CLANG_WARN_INT_CONVERSION = YES;
				CLANG_WARN_NON_LITERAL_NULL_CONVERSION = YES;
				CLANG_WARN_OBJC_IMPLICIT_RETAIN_SELF = YES;
				CLANG_WARN_OBJC_LITERAL_CONVERSION = YES;
				CLANG_WARN_OBJC_ROOT_CLASS = YES_ERROR;
				CLANG_WARN_RANGE_LOOP_ANALYSIS = YES;
				CLANG_WARN_STRICT_PROTOTYPES = YES;
				CLANG_WARN_SUSPICIOUS_MOVE = YES;
				CLANG_WARN_UNGUARDED_AVAILABILITY = YES_AGGRESSIVE;
				CLANG_WARN_UNREACHABLE_CODE = YES;
				CLANG_WARN__DUPLICATE_METHOD_MATCH = YES;
				CODE_SIGN_IDENTITY = "iPhone Developer";
				COPY_PHASE_STRIP = NO;
				DEBUG_INFORMATION_FORMAT = dwarf;
				ENABLE_STRICT_OBJC_MSGSEND = YES;
				ENABLE_TESTABILITY = YES;
				GCC_C_LANGUAGE_STANDARD = gnu11;
				GCC_DYNAMIC_NO_PIC = NO;
				GCC_NO_COMMON_BLOCKS = YES;
				GCC_OPTIMIZATION_LEVEL = 0;
				GCC_PREPROCESSOR_DEFINITIONS = (
					"DEBUG=1",
					"$(inherited)",
				);
				GCC_WARN_64_TO_32_BIT_CONVERSION = YES;
				GCC_WARN_ABOUT_RETURN_TYPE = YES_ERROR;
				GCC_WARN_UNDECLARED_SELECTOR = YES;
				GCC_WARN_UNINITIALIZED_AUTOS = YES_AGGRESSIVE;
				GCC_WARN_UNUSED_FUNCTION = YES;
				GCC_WARN_UNUSED_VARIABLE = YES;
				IPHONEOS_DEPLOYMENT_TARGET = 11.4;
				MTL_ENABLE_DEBUG_INFO = YES;
				ONLY_ACTIVE_ARCH = YES;
				SDKROOT = iphoneos;
				SWIFT_ACTIVE_COMPILATION_CONDITIONS = DEBUG;
				SWIFT_OPTIMIZATION_LEVEL = "-Onone";
			};
			name = Debug;
		};
		B02324E620C35C0300DA454E /* Release */ = {
			isa = XCBuildConfiguration;
			buildSettings = {
				ALWAYS_SEARCH_USER_PATHS = NO;
				CLANG_ANALYZER_NONNULL = YES;
				CLANG_ANALYZER_NUMBER_OBJECT_CONVERSION = YES_AGGRESSIVE;
				CLANG_CXX_LANGUAGE_STANDARD = "gnu++14";
				CLANG_CXX_LIBRARY = "libc++";
				CLANG_ENABLE_MODULES = YES;
				CLANG_ENABLE_OBJC_ARC = YES;
				CLANG_ENABLE_OBJC_WEAK = YES;
				CLANG_WARN_BLOCK_CAPTURE_AUTORELEASING = YES;
				CLANG_WARN_BOOL_CONVERSION = YES;
				CLANG_WARN_COMMA = YES;
				CLANG_WARN_CONSTANT_CONVERSION = YES;
				CLANG_WARN_DEPRECATED_OBJC_IMPLEMENTATIONS = YES;
				CLANG_WARN_DIRECT_OBJC_ISA_USAGE = YES_ERROR;
				CLANG_WARN_DOCUMENTATION_COMMENTS = YES;
				CLANG_WARN_EMPTY_BODY = YES;
				CLANG_WARN_ENUM_CONVERSION = YES;
				CLANG_WARN_INFINITE_RECURSION = YES;
				CLANG_WARN_INT_CONVERSION = YES;
				CLANG_WARN_NON_LITERAL_NULL_CONVERSION = YES;
				CLANG_WARN_OBJC_IMPLICIT_RETAIN_SELF = YES;
				CLANG_WARN_OBJC_LITERAL_CONVERSION = YES;
				CLANG_WARN_OBJC_ROOT_CLASS = YES_ERROR;
				CLANG_WARN_RANGE_LOOP_ANALYSIS = YES;
				CLANG_WARN_STRICT_PROTOTYPES = YES;
				CLANG_WARN_SUSPICIOUS_MOVE = YES;
				CLANG_WARN_UNGUARDED_AVAILABILITY = YES_AGGRESSIVE;
				CLANG_WARN_UNREACHABLE_CODE = YES;
				CLANG_WARN__DUPLICATE_METHOD_MATCH = YES;
				CODE_SIGN_IDENTITY = "iPhone Developer";
				COPY_PHASE_STRIP = NO;
				DEBUG_INFORMATION_FORMAT = "dwarf-with-dsym";
				ENABLE_NS_ASSERTIONS = NO;
				ENABLE_STRICT_OBJC_MSGSEND = YES;
				GCC_C_LANGUAGE_STANDARD = gnu11;
				GCC_NO_COMMON_BLOCKS = YES;
				GCC_WARN_64_TO_32_BIT_CONVERSION = YES;
				GCC_WARN_ABOUT_RETURN_TYPE = YES_ERROR;
				GCC_WARN_UNDECLARED_SELECTOR = YES;
				GCC_WARN_UNINITIALIZED_AUTOS = YES_AGGRESSIVE;
				GCC_WARN_UNUSED_FUNCTION = YES;
				GCC_WARN_UNUSED_VARIABLE = YES;
				IPHONEOS_DEPLOYMENT_TARGET = 11.4;
				MTL_ENABLE_DEBUG_INFO = NO;
				SDKROOT = iphoneos;
				SWIFT_COMPILATION_MODE = wholemodule;
				SWIFT_OPTIMIZATION_LEVEL = "-O";
				VALIDATE_PRODUCT = YES;
			};
			name = Release;
		};
		B02324E820C35C0300DA454E /* Debug */ = {
			isa = XCBuildConfiguration;
			baseConfigurationReference = 1402C09743FB6A755A6FFE43 /* Pods-Sketchpad.debug.xcconfig */;
			buildSettings = {
				ASSETCATALOG_COMPILER_APPICON_NAME = AppIcon;
				CODE_SIGN_STYLE = Automatic;
				DEVELOPMENT_TEAM = 6RV5CH2XTD;
				INFOPLIST_FILE = Sketchpad/Info.plist;
				LD_RUNPATH_SEARCH_PATHS = (
					"$(inherited)",
					"@executable_path/Frameworks",
				);
				PRODUCT_BUNDLE_IDENTIFIER = com.rommelrico.Sketchpad;
				PRODUCT_NAME = "$(TARGET_NAME)";
				SWIFT_VERSION = 4.0;
				TARGETED_DEVICE_FAMILY = "1,2";
			};
			name = Debug;
		};
		B02324E920C35C0300DA454E /* Release */ = {
			isa = XCBuildConfiguration;
			baseConfigurationReference = D92D22687E19229E234A8FEC /* Pods-Sketchpad.release.xcconfig */;
			buildSettings = {
				ASSETCATALOG_COMPILER_APPICON_NAME = AppIcon;
				CODE_SIGN_STYLE = Automatic;
				DEVELOPMENT_TEAM = 6RV5CH2XTD;
				INFOPLIST_FILE = Sketchpad/Info.plist;
				LD_RUNPATH_SEARCH_PATHS = (
					"$(inherited)",
					"@executable_path/Frameworks",
				);
				PRODUCT_BUNDLE_IDENTIFIER = com.rommelrico.Sketchpad;
				PRODUCT_NAME = "$(TARGET_NAME)";
				SWIFT_VERSION = 4.0;
				TARGETED_DEVICE_FAMILY = "1,2";
			};
			name = Release;
		};
/* End XCBuildConfiguration section */

/* Begin XCConfigurationList section */
		B02324CD20C35C0300DA454E /* Build configuration list for PBXProject "Sketchpad" */ = {
			isa = XCConfigurationList;
			buildConfigurations = (
				B02324E520C35C0300DA454E /* Debug */,
				B02324E620C35C0300DA454E /* Release */,
			);
			defaultConfigurationIsVisible = 0;
			defaultConfigurationName = Release;
		};
		B02324E720C35C0300DA454E /* Build configuration list for PBXNativeTarget "Sketchpad" */ = {
			isa = XCConfigurationList;
			buildConfigurations = (
				B02324E820C35C0300DA454E /* Debug */,
				B02324E920C35C0300DA454E /* Release */,
			);
			defaultConfigurationIsVisible = 0;
			defaultConfigurationName = Release;
		};
/* End XCConfigurationList section */

/* Begin XCVersionGroup section */
		B02324DC20C35C0300DA454E /* Sketchpad.xcdatamodeld */ = {
			isa = XCVersionGroup;
			children = (
				B02324DD20C35C0300DA454E /* Sketchpad.xcdatamodel */,
			);
			currentVersion = B02324DD20C35C0300DA454E /* Sketchpad.xcdatamodel */;
			path = Sketchpad.xcdatamodeld;
			sourceTree = "<group>";
			versionGroupType = wrapper.xcdatamodel;
		};
/* End XCVersionGroup section */
	};
	rootObject = B02324CA20C35C0300DA454E /* Project object */;
}
